
Microsoft Visual Studio Solution File, Format Version 12.00
# Visual Studio Express 2012 for Web
Project("{FAE04EC0-301F-11D3-BF4B-00C04F79EFBC}") = "DynamicExpressoWebShell", "sample\DynamicExpressoWebShell\DynamicExpressoWebShell.csproj", "{970A9B0D-4DDF-4E8F-A184-89CC202DB542}"
EndProject
Project("{FAE04EC0-301F-11D3-BF4B-00C04F79EFBC}") = "DynamicExpresso.Core", "src\DynamicExpresso.Core\DynamicExpresso.Core.csproj", "{C6B7C0D2-B84A-4307-9C61-D95613DB564D}"
EndProject
Global
	GlobalSection(SolutionConfigurationPlatforms) = preSolution
		Debug|Any CPU = Debug|Any CPU
		Release|Any CPU = Release|Any CPU
	EndGlobalSection
	GlobalSection(ProjectConfigurationPlatforms) = postSolution
		{970A9B0D-4DDF-4E8F-A184-89CC202DB542}.Debug|Any CPU.ActiveCfg = Debug|Any CPU
		{970A9B0D-4DDF-4E8F-A184-89CC202DB542}.Debug|Any CPU.Build.0 = Debug|Any CPU
		{970A9B0D-4DDF-4E8F-A184-89CC202DB542}.Release|Any CPU.ActiveCfg = Release|Any CPU
		{970A9B0D-4DDF-4E8F-A184-89CC202DB542}.Release|Any CPU.Build.0 = Release|Any CPU
		{C6B7C0D2-B84A-4307-9C61-D95613DB564D}.Debug|Any CPU.ActiveCfg = Debug|Any CPU
		{C6B7C0D2-B84A-4307-9C61-D95613DB564D}.Debug|Any CPU.Build.0 = Debug|Any CPU
		{C6B7C0D2-B84A-4307-9C61-D95613DB564D}.Release|Any CPU.ActiveCfg = Release|Any CPU
		{C6B7C0D2-B84A-4307-9C61-D95613DB564D}.Release|Any CPU.Build.0 = Release|Any CPU
	EndGlobalSection
	GlobalSection(SolutionProperties) = preSolution
		HideSolutionNode = FALSE
	EndGlobalSection
EndGlobal
